
Microsoft Visual Studio Solution File, Format Version 12.00
# Visual Studio 14
VisualStudioVersion = 14.0.25420.1
MinimumVisualStudioVersion = 10.0.40219.1
Project("{FAE04EC0-301F-11D3-BF4B-00C04F79EFBC}") = "Extension", "Extension\Extension.csproj", "{56D1BBA6-88DA-4A4E-87E8-1074C515CF9B}"
EndProject
Project("{FAE04EC0-301F-11D3-BF4B-00C04F79EFBC}") = "StringExtensionForYongsheng", "StringExtensionForYongsheng\StringExtensionForYongsheng.csproj", "{C6AC2926-7ABF-4B74-B48A-B249A6D1589D}"
EndProject
Global
	GlobalSection(SolutionConfigurationPlatforms) = preSolution
		Debug|Any CPU = Debug|Any CPU
		Release|Any CPU = Release|Any CPU
	EndGlobalSection
	GlobalSection(ProjectConfigurationPlatforms) = postSolution
		{56D1BBA6-88DA-4A4E-87E8-1074C515CF9B}.Debug|Any CPU.ActiveCfg = Debug|Any CPU
		{56D1BBA6-88DA-4A4E-87E8-1074C515CF9B}.Debug|Any CPU.Build.0 = Debug|Any CPU
		{56D1BBA6-88DA-4A4E-87E8-1074C515CF9B}.Release|Any CPU.ActiveCfg = Release|Any CPU
		{56D1BBA6-88DA-4A4E-87E8-1074C515CF9B}.Release|Any CPU.Build.0 = Release|Any CPU
		{C6AC2926-7ABF-4B74-B48A-B249A6D1589D}.Debug|Any CPU.ActiveCfg = Debug|Any CPU
		{C6AC2926-7ABF-4B74-B48A-B249A6D1589D}.Debug|Any CPU.Build.0 = Debug|Any CPU
		{C6AC2926-7ABF-4B74-B48A-B249A6D1589D}.Release|Any CPU.ActiveCfg = Release|Any CPU
		{C6AC2926-7ABF-4B74-B48A-B249A6D1589D}.Release|Any CPU.Build.0 = Release|Any CPU
	EndGlobalSection
	GlobalSection(SolutionProperties) = preSolution
		HideSolutionNode = FALSE
	EndGlobalSection
EndGlobal
